github.com/The127/web-dashboard-api/models v0.0.0-20210203212559-5149e0c34508 h1:kduQk3qz/aEqPnndxtlmyLe5aeB8e2E3h6JiMAO2TLM=
github.com/The127/web-dashboard-api/models v0.0.0-20210203212559-5149e0c34508/go.mod h1:foOAUvvVJlSVbOTtab/4tGbVWEfupn0zno8I85WCcZ8=
github.com/gorilla/mux v1.8.0 h1:i40aqfkR1h2SlN9hojwV5ZA91wcXFOvkdNIeFDP5koI=
github.com/gorilla/mux v1.8.0/go.mod h1:DVbg23sWSpFRCP0SfiEN6jmj59UnW/n46BH5rLB71So=
